
Microsoft Visual Studio Solution File, Format Version 10.00
# Visual Studio 2008
Project("{FAE04EC0-301F-11D3-BF4B-00C04F79EFBC}") = "Library Management", "Library Management\Library Management.csproj", "{F7D70E49-7E60-441A-BCDC-BEE29358F110}"
EndProject
Global
	GlobalSection(SolutionConfigurationPlatforms) = preSolution
		Debug|Any CPU = Debug|Any CPU
		Release|Any CPU = Release|Any CPU
	EndGlobalSection
	GlobalSection(ProjectConfigurationPlatforms) = postSolution
		{F7D70E49-7E60-441A-BCDC-BEE29358F110}.Debug|Any CPU.ActiveCfg = Debug|Any CPU
		{F7D70E49-7E60-441A-BCDC-BEE29358F110}.Debug|Any CPU.Build.0 = Debug|Any CPU
		{F7D70E49-7E60-441A-BCDC-BEE29358F110}.Release|Any CPU.ActiveCfg = Release|Any CPU
		{F7D70E49-7E60-441A-BCDC-BEE29358F110}.Release|Any CPU.Build.0 = Release|Any CPU
	EndGlobalSection
	GlobalSection(SolutionProperties) = preSolution
		HideSolutionNode = FALSE
	EndGlobalSection
EndGlobal
